
Microsoft Visual Studio Solution File, Format Version 12.00
# Visual Studio Version 17
VisualStudioVersion = 17.13.35806.99 d17.13
MinimumVisualStudioVersion = 10.0.40219.1
Project("{FAE04EC0-301F-11D3-BF4B-00C04F79EFBC}") = "ClothingAPIs", "ClothingAPIs.csproj", "{C3B3A1B4-D83D-43A0-A0B4-D1B7235EB09A}"
EndProject
Global
	GlobalSection(SolutionConfigurationPlatforms) = preSolution
		Debug|Any CPU = Debug|Any CPU
		Release|Any CPU = Release|Any CPU
	EndGlobalSection
	GlobalSection(ProjectConfigurationPlatforms) = postSolution
		{C3B3A1B4-D83D-43A0-A0B4-D1B7235EB09A}.Debug|Any CPU.ActiveCfg = Debug|Any CPU
		{C3B3A1B4-D83D-43A0-A0B4-D1B7235EB09A}.Debug|Any CPU.Build.0 = Debug|Any CPU
		{C3B3A1B4-D83D-43A0-A0B4-D1B7235EB09A}.Release|Any CPU.ActiveCfg = Release|Any CPU
		{C3B3A1B4-D83D-43A0-A0B4-D1B7235EB09A}.Release|Any CPU.Build.0 = Release|Any CPU
	EndGlobalSection
	GlobalSection(SolutionProperties) = preSolution
		HideSolutionNode = FALSE
	EndGlobalSection
	GlobalSection(ExtensibilityGlobals) = postSolution
		SolutionGuid = {C4FA79E8-5413-4255-8F90-E0AA488BCDF5}
	EndGlobalSection
EndGlobal
